
Microsoft Visual Studio Solution File, Format Version 12.00
# Visual Studio Version 17
VisualStudioVersion = 17.5.33530.505
MinimumVisualStudioVersion = 10.0.40219.1
Project("{FAE04EC0-301F-11D3-BF4B-00C04F79EFBC}") = "Example", "Example\Example.csproj", "{A11CDD3A-6635-4B2F-8312-52367F3FFFBE}"
EndProject
Project("{FAE04EC0-301F-11D3-BF4B-00C04F79EFBC}") = "ModulesMod", "ModulesMod\ModulesMod.csproj", "{0A74F759-70F8-47DE-812B-88763BFB38D4}"
EndProject
Global
	GlobalSection(SolutionConfigurationPlatforms) = preSolution
		Debug|Any CPU = Debug|Any CPU
		Release|Any CPU = Release|Any CPU
	EndGlobalSection
	GlobalSection(ProjectConfigurationPlatforms) = postSolution
		{A11CDD3A-6635-4B2F-8312-52367F3FFFBE}.Debug|Any CPU.ActiveCfg = Debug|Any CPU
		{A11CDD3A-6635-4B2F-8312-52367F3FFFBE}.Debug|Any CPU.Build.0 = Debug|Any CPU
		{A11CDD3A-6635-4B2F-8312-52367F3FFFBE}.Release|Any CPU.ActiveCfg = Release|Any CPU
		{A11CDD3A-6635-4B2F-8312-52367F3FFFBE}.Release|Any CPU.Build.0 = Release|Any CPU
		{0A74F759-70F8-47DE-812B-88763BFB38D4}.Debug|Any CPU.ActiveCfg = Debug|Any CPU
		{0A74F759-70F8-47DE-812B-88763BFB38D4}.Debug|Any CPU.Build.0 = Debug|Any CPU
		{0A74F759-70F8-47DE-812B-88763BFB38D4}.Release|Any CPU.ActiveCfg = Release|Any CPU
		{0A74F759-70F8-47DE-812B-88763BFB38D4}.Release|Any CPU.Build.0 = Release|Any CPU
	EndGlobalSection
	GlobalSection(SolutionProperties) = preSolution
		HideSolutionNode = FALSE
	EndGlobalSection
	GlobalSection(ExtensibilityGlobals) = postSolution
		SolutionGuid = {82B363D6-FB13-48D8-AC38-59B76C58889D}
	EndGlobalSection
EndGlobal
